
Microsoft Visual Studio Solution File, Format Version 12.00
# Visual Studio Version 16
VisualStudioVersion = 25.0.1706.4
MinimumVisualStudioVersion = 10.0.40219.1
Project("{FAE04EC0-301F-11D3-BF4B-00C04F79EFBC}") = "310790-nugettest", "310790-nugettest\310790-nugettest.csproj", "{A62CC3CA-CB2C-479E-B515-312291F9AB5C}"
EndProject
Global
	GlobalSection(SolutionConfigurationPlatforms) = preSolution
		Debug|Any CPU = Debug|Any CPU
		Release|Any CPU = Release|Any CPU
	EndGlobalSection
	GlobalSection(ProjectConfigurationPlatforms) = postSolution
		{A62CC3CA-CB2C-479E-B515-312291F9AB5C}.Debug|Any CPU.ActiveCfg = Debug|Any CPU
		{A62CC3CA-CB2C-479E-B515-312291F9AB5C}.Debug|Any CPU.Build.0 = Debug|Any CPU
		{A62CC3CA-CB2C-479E-B515-312291F9AB5C}.Release|Any CPU.ActiveCfg = Release|Any CPU
		{A62CC3CA-CB2C-479E-B515-312291F9AB5C}.Release|Any CPU.Build.0 = Release|Any CPU
	EndGlobalSection
	GlobalSection(SolutionProperties) = preSolution
		HideSolutionNode = FALSE
	EndGlobalSection
	GlobalSection(ExtensibilityGlobals) = postSolution
		SolutionGuid = {9B6EC4B5-22FB-40B4-90B1-4EDE4E6E05EE}
	EndGlobalSection
EndGlobal
